{
  "name": "Clank!AP",
  "lockfileVersion": 3,
  "requires": true,
  "packages": {
    "": {
      "dependencies": {
        "archipelago.js": "^2.1.0"
      }
    },
    "node_modules/archipelago.js": {
      "version": "2.1.0",
      "resolved": "https://registry.npmjs.org/archipelago.js/-/archipelago.js-2.1.0.tgz",
      "integrity": "sha512-9Zq/lyhSHgUfzHNAm5NyBk1Kl10hf55/jQ1Navz6Z/Wz49bd4MRzbS8CcWDnQd7IoBH8s1p4cVn69iyHaljQKA==",
      "license": "MIT",
      "engines": {
        "node": ">= 18.0.0"
      }
    }
  }
}
